
Microsoft Visual Studio Solution File, Format Version 12.00
# Visual Studio Version 17
VisualStudioVersion = 17.12.35514.174 d17.12
MinimumVisualStudioVersion = 10.0.40219.1
Project("{FAE04EC0-301F-11D3-BF4B-00C04F79EFBC}") = "MathMaze2", "MathMaze2\MathMaze2.csproj", "{CE5F306D-0176-4182-B8D4-35715528C1CF}"
EndProject
Global
	GlobalSection(SolutionConfigurationPlatforms) = preSolution
		Debug|Any CPU = Debug|Any CPU
		Release|Any CPU = Release|Any CPU
	EndGlobalSection
	GlobalSection(ProjectConfigurationPlatforms) = postSolution
		{CE5F306D-0176-4182-B8D4-35715528C1CF}.Debug|Any CPU.ActiveCfg = Debug|Any CPU
		{CE5F306D-0176-4182-B8D4-35715528C1CF}.Debug|Any CPU.Build.0 = Debug|Any CPU
		{CE5F306D-0176-4182-B8D4-35715528C1CF}.Release|Any CPU.ActiveCfg = Release|Any CPU
		{CE5F306D-0176-4182-B8D4-35715528C1CF}.Release|Any CPU.Build.0 = Release|Any CPU
	EndGlobalSection
	GlobalSection(SolutionProperties) = preSolution
		HideSolutionNode = FALSE
	EndGlobalSection
EndGlobal
